{
  "name": "claude",
  "lockfileVersion": 3,
  "requires": true,
  "packages": {
    "": {
      "dependencies": {
        "@anthropic-ai/claude-code": "^2.1.174"
      }
    },
    "node_modules/@anthropic-ai/claude-code": {
      "version": "2.1.174",
      "resolved": "https://registry.npmjs.org/@anthropic-ai/claude-code/-/claude-code-2.1.174.tgz",
      "integrity": "sha512-aFD7O0o7436DvN2Qj+tJFFhqMznahmtat/ZPfgeQEO8zTrZc897RY9Igjm4XzH3C9NtprrUybzK5GMaTUEpSnA==",
      "hasInstallScript": true,
      "license": "SEE LICENSE IN README.md",
      "bin": {
        "claude": "bin/claude.exe"
      },
      "engines": {
        "node": ">=18.0.0"
      },
      "optionalDependencies": {
        "@anthropic-ai/claude-code-darwin-arm64": "2.1.174",
        "@anthropic-ai/claude-code-darwin-x64": "2.1.174",
        "@anthropic-ai/claude-code-linux-arm64": "2.1.174",
        "@anthropic-ai/claude-code-linux-arm64-musl": "2.1.174",
        "@anthropic-ai/claude-code-linux-x64": "2.1.174",
        "@anthropic-ai/claude-code-linux-x64-musl": "2.1.174",
        "@anthropic-ai/claude-code-win32-arm64": "2.1.174",
        "@anthropic-ai/claude-code-win32-x64": "2.1.174"
      }
    },
    "node_modules/@anthropic-ai/claude-code-darwin-arm64": {
      "version": "2.1.174",
      "resolved": "https://registry.npmjs.org/@anthropic-ai/claude-code-darwin-arm64/-/claude-code-darwin-arm64-2.1.174.tgz",
      "integrity": "sha512-aDU4VTJqkxn72ze6JKYDv5r/6K8oARaWdPYa44CwejdgQrmvyUdspOytetskWwlDSr+9seEPUxKx3UkwV9dCzA==",
      "cpu": [
        "arm64"
      ],
      "license": "SEE LICENSE IN LICENSE.md",
      "optional": true,
      "os": [
        "darwin"
      ]
    },
    "node_modules/@anthropic-ai/claude-code-darwin-x64": {
      "version": "2.1.174",
      "resolved": "https://registry.npmjs.org/@anthropic-ai/claude-code-darwin-x64/-/claude-code-darwin-x64-2.1.174.tgz",
      "integrity": "sha512-js/jxqjXCgLVvjmLjHkVYItMbrIpuykmPPSkw+NzXncFHZP0Oxcy8hlalCRgTzTvXp7ealSSnipsaAgt5B901A==",
      "cpu": [
        "x64"
      ],
      "license": "SEE LICENSE IN LICENSE.md",
      "optional": true,
      "os": [
        "darwin"
      ]
    },
    "node_modules/@anthropic-ai/claude-code-linux-arm64": {
      "version": "2.1.174",
      "resolved": "https://registry.npmjs.org/@anthropic-ai/claude-code-linux-arm64/-/claude-code-linux-arm64-2.1.174.tgz",
      "integrity": "sha512-gbCIFb52SfgvGvkMwLQyyy3DFQO6h5kRSIgnCy4MoGdNnsd+m9+Udg4BtkDBYEg80JnvBrqclx7Or/igf73Jeg==",
      "cpu": [
        "arm64"
      ],
      "license": "SEE LICENSE IN LICENSE.md",
      "optional": true,
      "os": [
        "linux"
      ]
    },
    "node_modules/@anthropic-ai/claude-code-linux-arm64-musl": {
      "version": "2.1.174",
      "resolved": "https://registry.npmjs.org/@anthropic-ai/claude-code-linux-arm64-musl/-/claude-code-linux-arm64-musl-2.1.174.tgz",
      "integrity": "sha512-eUzArumdQ/QSIgTOG+B82Vy5/NtqSXFopDbT5rziTggOOzybljBCWs+EQ+sxz79jWkuF0f3LugBMZpubnUDNaw==",
      "cpu": [
        "arm64"
      ],
      "license": "SEE LICENSE IN LICENSE.md",
      "optional": true,
      "os": [
        "linux"
      ]
    },
    "node_modules/@anthropic-ai/claude-code-linux-x64": {
      "version": "2.1.174",
      "resolved": "https://registry.npmjs.org/@anthropic-ai/claude-code-linux-x64/-/claude-code-linux-x64-2.1.174.tgz",
      "integrity": "sha512-iTgV4HqYdP1AaoXF6hJ1i5yczE4aiPhPubSKJ4ywyIdS5NUpa5pU/vkKT4dKcHiN8kQKLpyS48YToCzWZhs9ag==",
      "cpu": [
        "x64"
      ],
      "license": "SEE LICENSE IN LICENSE.md",
      "optional": true,
      "os": [
        "linux"
      ]
    },
    "node_modules/@anthropic-ai/claude-code-linux-x64-musl": {
      "version": "2.1.174",
      "resolved": "https://registry.npmjs.org/@anthropic-ai/claude-code-linux-x64-musl/-/claude-code-linux-x64-musl-2.1.174.tgz",
      "integrity": "sha512-LInNrYSZetRS20JrriyhK7vR9Qpd7WhsdNq8vhxbQxZosgZcNDabksNu1eamwtW5XCTxKeKu4jZhREwX+JjkrA==",
      "cpu": [
        "x64"
      ],
      "license": "SEE LICENSE IN LICENSE.md",
      "optional": true,
      "os": [
        "linux"
      ]
    },
    "node_modules/@anthropic-ai/claude-code-win32-arm64": {
      "version": "2.1.174",
      "resolved": "https://registry.npmjs.org/@anthropic-ai/claude-code-win32-arm64/-/claude-code-win32-arm64-2.1.174.tgz",
      "integrity": "sha512-to4JqDsJIUXIcal8QXEVdAmaxNanQBOIXo0nAtrF8l+615O5S5ZDbseufdzL2KN+exCCUhIhKbIcUYhUr/3LNw==",
      "cpu": [
        "arm64"
      ],
      "license": "SEE LICENSE IN LICENSE.md",
      "optional": true,
      "os": [
        "win32"
      ]
    },
    "node_modules/@anthropic-ai/claude-code-win32-x64": {
      "version": "2.1.174",
      "resolved": "https://registry.npmjs.org/@anthropic-ai/claude-code-win32-x64/-/claude-code-win32-x64-2.1.174.tgz",
      "integrity": "sha512-KP3Et9kVb2BZydzpmrudJrwjWqERRJoRsl1RjejeTWEiqQmeQGqAvznU7dKh3VyD1RRi1bYOn47PFpTuVT4Tqg==",
      "cpu": [
        "x64"
      ],
      "license": "SEE LICENSE IN LICENSE.md",
      "optional": true,
      "os": [
        "win32"
      ]
    }
  }
}
